
Microsoft Visual Studio Solution File, Format Version 12.00
# Visual Studio 14
VisualStudioVersion = 14.0.23107.0
MinimumVisualStudioVersion = 10.0.40219.1
Project("{2150E333-8FDC-42A3-9474-1A3956D46DE8}") = "Engine", "Engine", "{3285A5D1-0BCB-44D0-A39C-F20B66A134EA}"
EndProject
Project("{2150E333-8FDC-42A3-9474-1A3956D46DE8}") = "Games", "Games", "{C0BCCF72-2B7D-4977-A0B3-7B1836C4DD35}"
EndProject
Project("{8BC9CEB8-8B4A-11D0-8D11-00A0C91BC942}") = "UE4", "Intermediate\ProjectFiles\UE4.vcxproj", "{C9E420BD-F643-42E1-8EBA-F306ECBBFEA7}"
EndProject
Project("{8BC9CEB8-8B4A-11D0-8D11-00A0C91BC942}") = "Spriter", "Intermediate\ProjectFiles\Spriter.vcxproj", "{077812FF-EAFE-40D9-A689-8153A973CE98}"
EndProject
Global
	GlobalSection(SolutionConfigurationPlatforms) = preSolution
		DebugGame Editor|Android = DebugGame Editor|Android
		DebugGame Editor|Win32 = DebugGame Editor|Win32
		DebugGame Editor|Win64 = DebugGame Editor|Win64
		DebugGame|Android = DebugGame|Android
		DebugGame|Win32 = DebugGame|Win32
		DebugGame|Win64 = DebugGame|Win64
		Development Editor|Android = Development Editor|Android
		Development Editor|Win32 = Development Editor|Win32
		Development Editor|Win64 = Development Editor|Win64
		Development|Android = Development|Android
		Development|Win32 = Development|Win32
		Development|Win64 = Development|Win64
		Shipping|Android = Shipping|Android
		Shipping|Win32 = Shipping|Win32
		Shipping|Win64 = Shipping|Win64
	EndGlobalSection
	GlobalSection(ProjectConfigurationPlatforms) = postSolution
		{C9E420BD-F643-42E1-8EBA-F306ECBBFEA7}.DebugGame Editor|Android.ActiveCfg = BuiltWithUnrealBuildTool|Win32
		{C9E420BD-F643-42E1-8EBA-F306ECBBFEA7}.DebugGame Editor|Android.Build.0 = BuiltWithUnrealBuildTool|Win32
		{C9E420BD-F643-42E1-8EBA-F306ECBBFEA7}.DebugGame Editor|Win32.ActiveCfg = BuiltWithUnrealBuildTool|Win32
		{C9E420BD-F643-42E1-8EBA-F306ECBBFEA7}.DebugGame Editor|Win32.Build.0 = BuiltWithUnrealBuildTool|Win32
		{C9E420BD-F643-42E1-8EBA-F306ECBBFEA7}.DebugGame Editor|Win64.ActiveCfg = BuiltWithUnrealBuildTool|Win32
		{C9E420BD-F643-42E1-8EBA-F306ECBBFEA7}.DebugGame Editor|Win64.Build.0 = BuiltWithUnrealBuildTool|Win32
		{C9E420BD-F643-42E1-8EBA-F306ECBBFEA7}.DebugGame|Android.ActiveCfg = BuiltWithUnrealBuildTool|Win32
		{C9E420BD-F643-42E1-8EBA-F306ECBBFEA7}.DebugGame|Android.Build.0 = BuiltWithUnrealBuildTool|Win32
		{C9E420BD-F643-42E1-8EBA-F306ECBBFEA7}.DebugGame|Win32.ActiveCfg = BuiltWithUnrealBuildTool|Win32
		{C9E420BD-F643-42E1-8EBA-F306ECBBFEA7}.DebugGame|Win32.Build.0 = BuiltWithUnrealBuildTool|Win32
		{C9E420BD-F643-42E1-8EBA-F306ECBBFEA7}.DebugGame|Win64.ActiveCfg = BuiltWithUnrealBuildTool|Win32
		{C9E420BD-F643-42E1-8EBA-F306ECBBFEA7}.DebugGame|Win64.Build.0 = BuiltWithUnrealBuildTool|Win32
		{C9E420BD-F643-42E1-8EBA-F306ECBBFEA7}.Development Editor|Android.ActiveCfg = BuiltWithUnrealBuildTool|Win32
		{C9E420BD-F643-42E1-8EBA-F306ECBBFEA7}.Development Editor|Android.Build.0 = BuiltWithUnrealBuildTool|Win32
		{C9E420BD-F643-42E1-8EBA-F306ECBBFEA7}.Development Editor|Win32.ActiveCfg = BuiltWithUnrealBuildTool|Win32
		{C9E420BD-F643-42E1-8EBA-F306ECBBFEA7}.Development Editor|Win32.Build.0 = BuiltWithUnrealBuildTool|Win32
		{C9E420BD-F643-42E1-8EBA-F306ECBBFEA7}.Development Editor|Win64.ActiveCfg = BuiltWithUnrealBuildTool|Win32
		{C9E420BD-F643-42E1-8EBA-F306ECBBFEA7}.Development Editor|Win64.Build.0 = BuiltWithUnrealBuildTool|Win32
		{C9E420BD-F643-42E1-8EBA-F306ECBBFEA7}.Development|Android.ActiveCfg = BuiltWithUnrealBuildTool|Win32
		{C9E420BD-F643-42E1-8EBA-F306ECBBFEA7}.Development|Android.Build.0 = BuiltWithUnrealBuildTool|Win32
		{C9E420BD-F643-42E1-8EBA-F306ECBBFEA7}.Development|Win32.ActiveCfg = BuiltWithUnrealBuildTool|Win32
		{C9E420BD-F643-42E1-8EBA-F306ECBBFEA7}.Development|Win32.Build.0 = BuiltWithUnrealBuildTool|Win32
		{C9E420BD-F643-42E1-8EBA-F306ECBBFEA7}.Development|Win64.ActiveCfg = BuiltWithUnrealBuildTool|Win32
		{C9E420BD-F643-42E1-8EBA-F306ECBBFEA7}.Development|Win64.Build.0 = BuiltWithUnrealBuildTool|Win32
		{C9E420BD-F643-42E1-8EBA-F306ECBBFEA7}.Shipping|Android.ActiveCfg = BuiltWithUnrealBuildTool|Win32
		{C9E420BD-F643-42E1-8EBA-F306ECBBFEA7}.Shipping|Android.Build.0 = BuiltWithUnrealBuildTool|Win32
		{C9E420BD-F643-42E1-8EBA-F306ECBBFEA7}.Shipping|Win32.ActiveCfg = BuiltWithUnrealBuildTool|Win32
		{C9E420BD-F643-42E1-8EBA-F306ECBBFEA7}.Shipping|Win32.Build.0 = BuiltWithUnrealBuildTool|Win32
		{C9E420BD-F643-42E1-8EBA-F306ECBBFEA7}.Shipping|Win64.ActiveCfg = BuiltWithUnrealBuildTool|Win32
		{C9E420BD-F643-42E1-8EBA-F306ECBBFEA7}.Shipping|Win64.Build.0 = BuiltWithUnrealBuildTool|Win32
		{077812FF-EAFE-40D9-A689-8153A973CE98}.DebugGame Editor|Android.ActiveCfg = Android_DebugGame_Editor|Win32
		{077812FF-EAFE-40D9-A689-8153A973CE98}.DebugGame Editor|Android.Build.0 = Android_DebugGame_Editor|Win32
		{077812FF-EAFE-40D9-A689-8153A973CE98}.DebugGame Editor|Win32.ActiveCfg = DebugGame_Editor|Win32
		{077812FF-EAFE-40D9-A689-8153A973CE98}.DebugGame Editor|Win32.Build.0 = DebugGame_Editor|Win32
		{077812FF-EAFE-40D9-A689-8153A973CE98}.DebugGame Editor|Win64.ActiveCfg = DebugGame_Editor|x64
		{077812FF-EAFE-40D9-A689-8153A973CE98}.DebugGame Editor|Win64.Build.0 = DebugGame_Editor|x64
		{077812FF-EAFE-40D9-A689-8153A973CE98}.DebugGame|Android.ActiveCfg = Android_DebugGame_Game|Win32
		{077812FF-EAFE-40D9-A689-8153A973CE98}.DebugGame|Android.Build.0 = Android_DebugGame_Game|Win32
		{077812FF-EAFE-40D9-A689-8153A973CE98}.DebugGame|Win32.ActiveCfg = DebugGame_Game|Win32
		{077812FF-EAFE-40D9-A689-8153A973CE98}.DebugGame|Win32.Build.0 = DebugGame_Game|Win32
		{077812FF-EAFE-40D9-A689-8153A973CE98}.DebugGame|Win64.ActiveCfg = DebugGame_Game|x64
		{077812FF-EAFE-40D9-A689-8153A973CE98}.DebugGame|Win64.Build.0 = DebugGame_Game|x64
		{077812FF-EAFE-40D9-A689-8153A973CE98}.Development Editor|Android.ActiveCfg = Android_Development_Editor|Win32
		{077812FF-EAFE-40D9-A689-8153A973CE98}.Development Editor|Android.Build.0 = Android_Development_Editor|Win32
		{077812FF-EAFE-40D9-A689-8153A973CE98}.Development Editor|Win32.ActiveCfg = Development_Editor|Win32
		{077812FF-EAFE-40D9-A689-8153A973CE98}.Development Editor|Win32.Build.0 = Development_Editor|Win32
		{077812FF-EAFE-40D9-A689-8153A973CE98}.Development Editor|Win64.ActiveCfg = Development_Editor|x64
		{077812FF-EAFE-40D9-A689-8153A973CE98}.Development Editor|Win64.Build.0 = Development_Editor|x64
		{077812FF-EAFE-40D9-A689-8153A973CE98}.Development|Android.ActiveCfg = Android_Development_Game|Win32
		{077812FF-EAFE-40D9-A689-8153A973CE98}.Development|Android.Build.0 = Android_Development_Game|Win32
		{077812FF-EAFE-40D9-A689-8153A973CE98}.Development|Win32.ActiveCfg = Development_Game|Win32
		{077812FF-EAFE-40D9-A689-8153A973CE98}.Development|Win32.Build.0 = Development_Game|Win32
		{077812FF-EAFE-40D9-A689-8153A973CE98}.Development|Win64.ActiveCfg = Development_Game|x64
		{077812FF-EAFE-40D9-A689-8153A973CE98}.Development|Win64.Build.0 = Development_Game|x64
		{077812FF-EAFE-40D9-A689-8153A973CE98}.Shipping|Android.ActiveCfg = Android_Shipping_Game|Win32
		{077812FF-EAFE-40D9-A689-8153A973CE98}.Shipping|Android.Build.0 = Android_Shipping_Game|Win32
		{077812FF-EAFE-40D9-A689-8153A973CE98}.Shipping|Win32.ActiveCfg = Shipping_Game|Win32
		{077812FF-EAFE-40D9-A689-8153A973CE98}.Shipping|Win32.Build.0 = Shipping_Game|Win32
		{077812FF-EAFE-40D9-A689-8153A973CE98}.Shipping|Win64.ActiveCfg = Shipping_Game|x64
		{077812FF-EAFE-40D9-A689-8153A973CE98}.Shipping|Win64.Build.0 = Shipping_Game|x64
	EndGlobalSection
	GlobalSection(SolutionProperties) = preSolution
		HideSolutionNode = FALSE
	EndGlobalSection
	GlobalSection(NestedProjects) = preSolution
		{C9E420BD-F643-42E1-8EBA-F306ECBBFEA7} = {3285A5D1-0BCB-44D0-A39C-F20B66A134EA}
		{077812FF-EAFE-40D9-A689-8153A973CE98} = {C0BCCF72-2B7D-4977-A0B3-7B1836C4DD35}
	EndGlobalSection
EndGlobal
